// !$*UTF8*$!
{
	archiveVersion = 1;
	classes = {
	};
	objectVersion = 46;
	objects = {

/* Begin PBXBuildFile section */
		3DACDCBD1BC3C9C5002AB9DB /* main.m in Sources */ = {isa = PBXBuildFile; fileRef = 3DACDCBC1BC3C9C5002AB9DB /* main.m */; };
		3DACDCC01BC3C9C5002AB9DB /* AppDelegate.m in Sources */ = {isa = PBXBuildFile; fileRef = 3DACDCBF1BC3C9C5002AB9DB /* AppDelegate.m */; };
		3DACDCC31BC3C9C5002AB9DB /* ViewController.m in Sources */ = {isa = PBXBuildFile; fileRef = 3DACDCC21BC3C9C5002AB9DB /* ViewController.m */; };
		3DACDCC61BC3C9C5002AB9DB /* Main.storyboard in Resources */ = {isa = PBXBuildFile; fileRef = 3DACDCC41BC3C9C5002AB9DB /* Main.storyboard */; };
		3DACDCC81BC3C9C5002AB9DB /* Images.xcassets in Resources */ = {isa = PBXBuildFile; fileRef = 3DACDCC71BC3C9C5002AB9DB /* Images.xcassets */; };
		3DACDCCB1BC3C9C5002AB9DB /* LaunchScreen.xib in Resources */ = {isa = PBXBuildFile; fileRef = 3DACDCC91BC3C9C5002AB9DB /* LaunchScreen.xib */; };
		3DACDCD71BC3C9C5002AB9DB /* MenuListTests.m in Sources */ = {isa = PBXBuildFile; fileRef = 3DACDCD61BC3C9C5002AB9DB /* MenuListTests.m */; };
/* End PBXBuildFile section */

/* Begin PBXContainerItemProxy section */
		3DACDCD11BC3C9C5002AB9DB /* PBXContainerItemProxy */ = {
			isa = PBXContainerItemProxy;
			containerPortal = 3DACDCAF1BC3C9C5002AB9DB /* Project object */;
			proxyType = 1;
			remoteGlobalIDString = 3DACDCB61BC3C9C5002AB9DB;
			remoteInfo = MenuList;
		};
/* End PBXContainerItemProxy section */

/* Begin PBXFileReference section */
		3DACDCB71BC3C9C5002AB9DB /* MenuList.app */ = {isa = PBXFileReference; explicitFileType = wrapper.application; includeInIndex = 0; path = MenuList.app; sourceTree = BUILT_PRODUCTS_DIR; };
		3DACDCBB1BC3C9C5002AB9DB /* Info.plist */ = {isa = PBXFileReference; lastKnownFileType = text.plist.xml; path = Info.plist; sourceTree = "<group>"; };
		3DACDCBC1BC3C9C5002AB9DB /* main.m */ = {isa = PBXFileReference; lastKnownFileType = sourcecode.c.objc; path = main.m; sourceTree = "<group>"; };
		3DACDCBE1BC3C9C5002AB9DB /* AppDelegate.h */ = {isa = PBXFileReference; lastKnownFileType = sourcecode.c.h; path = AppDelegate.h; sourceTree = "<group>"; };
		3DACDCBF1BC3C9C5002AB9DB /* AppDelegate.m */ = {isa = PBXFileReference; lastKnownFileType = sourcecode.c.objc; path = AppDelegate.m; sourceTree = "<group>"; };
		3DACDCC11BC3C9C5002AB9DB /* ViewController.h */ = {isa = PBXFileReference; lastKnownFileType = sourcecode.c.h; path = ViewController.h; sourceTree = "<group>"; };
		3DACDCC21BC3C9C5002AB9DB /* ViewController.m */ = {isa = PBXFileReference; lastKnownFileType = sourcecode.c.objc; path = ViewController.m; sourceTree = "<group>"; };
		3DACDCC51BC3C9C5002AB9DB /* Base */ = {isa = PBXFileReference; lastKnownFileType = file.storyboard; name = Base; path = Base.lproj/Main.storyboard; sourceTree = "<group>"; };
		3DACDCC71BC3C9C5002AB9DB /* Images.xcassets */ = {isa = PBXFileReference; lastKnownFileType = folder.assetcatalog; path = Images.xcassets; sourceTree = "<group>"; };
		3DACDCCA1BC3C9C5002AB9DB /* Base */ = {isa = PBXFileReference; lastKnownFileType = file.xib; name = Base; path = Base.lproj/LaunchScreen.xib; sourceTree = "<group>"; };
		3DACDCD01BC3C9C5002AB9DB /* MenuListTests.xctest */ = {isa = PBXFileReference; explicitFileType = wrapper.cfbundle; includeInIndex = 0; path = MenuListTests.xctest; sourceTree = BUILT_PRODUCTS_DIR; };
		3DACDCD51BC3C9C5002AB9DB /* Info.plist */ = {isa = PBXFileReference; lastKnownFileType = text.plist.xml; path = Info.plist; sourceTree = "<group>"; };
		3DACDCD61BC3C9C5002AB9DB /* MenuListTests.m */ = {isa = PBXFileReference; lastKnownFileType = sourcecode.c.objc; path = MenuListTests.m; sourceTree = "<group>"; };
/* End PBXFileReference section */

/* Begin PBXFrameworksBuildPhase section */
		3DACDCB41BC3C9C5002AB9DB /* Frameworks */ = {
			isa = PBXFrameworksBuildPhase;
			buildActionMask = 2147483647;
			files = (
			);
			runOnlyForDeploymentPostprocessing = 0;
		};
		3DACDCCD1BC3C9C5002AB9DB /* Frameworks */ = {
			isa = PBXFrameworksBuildPhase;
			buildActionMask = 2147483647;
			files = (
			);
			runOnlyForDeploymentPostprocessing = 0;
		};
/* End PBXFrameworksBuildPhase section */

/* Begin PBXGroup section */
		3DACDCAE1BC3C9C5002AB9DB = {
			isa = PBXGroup;
			children = (
				3DACDCB91BC3C9C5002AB9DB /* MenuList */,
				3DACDCD31BC3C9C5002AB9DB /* MenuListTests */,
				3DACDCB81BC3C9C5002AB9DB /* Products */,
			);
			sourceTree = "<group>";
		};
		3DACDCB81BC3C9C5002AB9DB /* Products */ = {
			isa = PBXGroup;
			children = (
				3DACDCB71BC3C9C5002AB9DB /* MenuList.app */,
				3DACDCD01BC3C9C5002AB9DB /* MenuListTests.xctest */,
			);
			name = Products;
			sourceTree = "<group>";
		};
		3DACDCB91BC3C9C5002AB9DB /* MenuList */ = {
			isa = PBXGroup;
			children = (
				3DACDCBE1BC3C9C5002AB9DB /* AppDelegate.h */,
				3DACDCBF1BC3C9C5002AB9DB /* AppDelegate.m */,
				3DACDCC11BC3C9C5002AB9DB /* ViewController.h */,
				3DACDCC21BC3C9C5002AB9DB /* ViewController.m */,
				3DACDCC41BC3C9C5002AB9DB /* Main.storyboard */,
				3DACDCC71BC3C9C5002AB9DB /* Images.xcassets */,
				3DACDCC91BC3C9C5002AB9DB /* LaunchScreen.xib */,
				3DACDCBA1BC3C9C5002AB9DB /* Supporting Files */,
			);
			path = MenuList;
			sourceTree = "<group>";
		};
		3DACDCBA1BC3C9C5002AB9DB /* Supporting Files */ = {
			isa = PBXGroup;
			children = (
				3DACDCBB1BC3C9C5002AB9DB /* Info.plist */,
				3DACDCBC1BC3C9C5002AB9DB /* main.m */,
			);
			name = "Supporting Files";
			sourceTree = "<group>";
		};
		3DACDCD31BC3C9C5002AB9DB /* MenuListTests */ = {
			isa = PBXGroup;
			children = (
				3DACDCD61BC3C9C5002AB9DB /* MenuListTests.m */,
				3DACDCD41BC3C9C5002AB9DB /* Supporting Files */,
			);
			path = MenuListTests;
			sourceTree = "<group>";
		};
		3DACDCD41BC3C9C5002AB9DB /* Supporting Files */ = {
			isa = PBXGroup;
			children = (
				3DACDCD51BC3C9C5002AB9DB /* Info.plist */,
			);
			name = "Supporting Files";
			sourceTree = "<group>";
		};
/* End PBXGroup section */

/* Begin PBXNativeTarget section */
		3DACDCB61BC3C9C5002AB9DB /* MenuList */ = {
			isa = PBXNativeTarget;
			buildConfigurationList = 3DACDCDA1BC3C9C5002AB9DB /* Build configuration list for PBXNativeTarget "MenuList" */;
			buildPhases = (
				3DACDCB31BC3C9C5002AB9DB /* Sources */,
				3DACDCB41BC3C9C5002AB9DB /* Frameworks */,
				3DACDCB51BC3C9C5002AB9DB /* Resources */,
			);
			buildRules = (
			);
			dependencies = (
			);
			name = MenuList;
			productName = MenuList;
			productReference = 3DACDCB71BC3C9C5002AB9DB /* MenuList.app */;
			productType = "com.apple.product-type.application";
		};
		3DACDCCF1BC3C9C5002AB9DB /* MenuListTests */ = {
			isa = PBXNativeTarget;
			buildConfigurationList = 3DACDCDD1BC3C9C5002AB9DB /* Build configuration list for PBXNativeTarget "MenuListTests" */;
			buildPhases = (
				3DACDCCC1BC3C9C5002AB9DB /* Sources */,
				3DACDCCD1BC3C9C5002AB9DB /* Frameworks */,
				3DACDCCE1BC3C9C5002AB9DB /* Resources */,
			);
			buildRules = (
			);
			dependencies = (
				3DACDCD21BC3C9C5002AB9DB /* PBXTargetDependency */,
			);
			name = MenuListTests;
			productName = MenuListTests;
			productReference = 3DACDCD01BC3C9C5002AB9DB /* MenuListTests.xctest */;
			productType = "com.apple.product-type.bundle.unit-test";
		};
/* End PBXNativeTarget section */

/* Begin PBXProject section */
		3DACDCAF1BC3C9C5002AB9DB /* Project object */ = {
			isa = PBXProject;
			attributes = {
				LastUpgradeCheck = 0630;
				ORGANIZATIONNAME = mahesh;
				TargetAttributes = {
					3DACDCB61BC3C9C5002AB9DB = {
						CreatedOnToolsVersion = 6.3.2;
					};
					3DACDCCF1BC3C9C5002AB9DB = {
						CreatedOnToolsVersion = 6.3.2;
						TestTargetID = 3DACDCB61BC3C9C5002AB9DB;
					};
				};
			};
			buildConfigurationList = 3DACDCB21BC3C9C5002AB9DB /* Build configuration list for PBXProject "MenuList" */;
			compatibilityVersion = "Xcode 3.2";
			developmentRegion = English;
			hasScannedForEncodings = 0;
			knownRegions = (
				en,
				Base,
			);
			mainGroup = 3DACDCAE1BC3C9C5002AB9DB;
			productRefGroup = 3DACDCB81BC3C9C5002AB9DB /* Products */;
			projectDirPath = "";
			projectRoot = "";
			targets = (
				3DACDCB61BC3C9C5002AB9DB /* MenuList */,
				3DACDCCF1BC3C9C5002AB9DB /* MenuListTests */,
			);
		};
/* End PBXProject section */

/* Begin PBXResourcesBuildPhase section */
		3DACDCB51BC3C9C5002AB9DB /* Resources */ = {
			isa = PBXResourcesBuildPhase;
			buildActionMask = 2147483647;
			files = (
				3DACDCC61BC3C9C5002AB9DB /* Main.storyboard in Resources */,
				3DACDCCB1BC3C9C5002AB9DB /* LaunchScreen.xib in Resources */,
				3DACDCC81BC3C9C5002AB9DB /* Images.xcassets in Resources */,
			);
			runOnlyForDeploymentPostprocessing = 0;
		};
		3DACDCCE1BC3C9C5002AB9DB /* Resources */ = {
			isa = PBXResourcesBuildPhase;
			buildActionMask = 2147483647;
			files = (
			);
			runOnlyForDeploymentPostprocessing = 0;
		};
/* End PBXResourcesBuildPhase section */

/* Begin PBXSourcesBuildPhase section */
		3DACDCB31BC3C9C5002AB9DB /* Sources */ = {
			isa = PBXSourcesBuildPhase;
			buildActionMask = 2147483647;
			files = (
				3DACDCC31BC3C9C5002AB9DB /* ViewController.m in Sources */,
				3DACDCC01BC3C9C5002AB9DB /* AppDelegate.m in Sources */,
				3DACDCBD1BC3C9C5002AB9DB /* main.m in Sources */,
			);
			runOnlyForDeploymentPostprocessing = 0;
		};
		3DACDCCC1BC3C9C5002AB9DB /* Sources */ = {
			isa = PBXSourcesBuildPhase;
			buildActionMask = 2147483647;
			files = (
				3DACDCD71BC3C9C5002AB9DB /* MenuListTests.m in Sources */,
			);
			runOnlyForDeploymentPostprocessing = 0;
		};
/* End PBXSourcesBuildPhase section */

/* Begin PBXTargetDependency section */
		3DACDCD21BC3C9C5002AB9DB /* PBXTargetDependency */ = {
			isa = PBXTargetDependency;
			target = 3DACDCB61BC3C9C5002AB9DB /* MenuList */;
			targetProxy = 3DACDCD11BC3C9C5002AB9DB /* PBXContainerItemProxy */;
		};
/* End PBXTargetDependency section */

/* Begin PBXVariantGroup section */
		3DACDCC41BC3C9C5002AB9DB /* Main.storyboard */ = {
			isa = PBXVariantGroup;
			children = (
				3DACDCC51BC3C9C5002AB9DB /* Base */,
			);
			name = Main.storyboard;
			sourceTree = "<group>";
		};
		3DACDCC91BC3C9C5002AB9DB /* LaunchScreen.xib */ = {
			isa = PBXVariantGroup;
			children = (
				3DACDCCA1BC3C9C5002AB9DB /* Base */,
			);
			name = LaunchScreen.xib;
			sourceTree = "<group>";
		};
/* End PBXVariantGroup section */

/* Begin XCBuildConfiguration section */
		3DACDCD81BC3C9C5002AB9DB /* Debug */ = {
			isa = XCBuildConfiguration;
			buildSettings = {
				ALWAYS_SEARCH_USER_PATHS = NO;
				CLANG_CXX_LANGUAGE_STANDARD = "gnu++0x";
				CLANG_CXX_LIBRARY = "libc++";
				CLANG_ENABLE_MODULES = YES;
				CLANG_ENABLE_OBJC_ARC = YES;
				CLANG_WARN_BOOL_CONVERSION = YES;
				CLANG_WARN_CONSTANT_CONVERSION = YES;
				CLANG_WARN_DIRECT_OBJC_ISA_USAGE = YES_ERROR;
				CLANG_WARN_EMPTY_BODY = YES;
				CLANG_WARN_ENUM_CONVERSION = YES;
				CLANG_WARN_INT_CONVERSION = YES;
				CLANG_WARN_OBJC_ROOT_CLASS = YES_ERROR;
				CLANG_WARN_UNREACHABLE_CODE = YES;
				CLANG_WARN__DUPLICATE_METHOD_MATCH = YES;
				"CODE_SIGN_IDENTITY[sdk=iphoneos*]" = "iPhone Developer";
				COPY_PHASE_STRIP = NO;
				DEBUG_INFORMATION_FORMAT = "dwarf-with-dsym";
				ENABLE_STRICT_OBJC_MSGSEND = YES;
				GCC_C_LANGUAGE_STANDARD = gnu99;
				GCC_DYNAMIC_NO_PIC = NO;
				GCC_NO_COMMON_BLOCKS = YES;
				GCC_OPTIMIZATION_LEVEL = 0;
				GCC_PREPROCESSOR_DEFINITIONS = (
					"DEBUG=1",
					"$(inherited)",
				);
				GCC_SYMBOLS_PRIVATE_EXTERN = NO;
				GCC_WARN_64_TO_32_BIT_CONVERSION = YES;
				GCC_WARN_ABOUT_RETURN_TYPE = YES_ERROR;
				GCC_WARN_UNDECLARED_SELECTOR = YES;
				GCC_WARN_UNINITIALIZED_AUTOS = YES_AGGRESSIVE;
				GCC_WARN_UNUSED_FUNCTION = YES;
				GCC_WARN_UNUSED_VARIABLE = YES;
				IPHONEOS_DEPLOYMENT_TARGET = 8.3;
				MTL_ENABLE_DEBUG_INFO = YES;
				ONLY_ACTIVE_ARCH = YES;
				SDKROOT = iphoneos;
			};
			name = Debug;
		};
		3DACDCD91BC3C9C5002AB9DB /* Release */ = {
			isa = XCBuildConfiguration;
			buildSettings = {
				ALWAYS_SEARCH_USER_PATHS = NO;
				CLANG_CXX_LANGUAGE_STANDARD = "gnu++0x";
				CLANG_CXX_LIBRARY = "libc++";
				CLANG_ENABLE_MODULES = YES;
				CLANG_ENABLE_OBJC_ARC = YES;
				CLANG_WARN_BOOL_CONVERSION = YES;
				CLANG_WARN_CONSTANT_CONVERSION = YES;
				CLANG_WARN_DIRECT_OBJC_ISA_USAGE = YES_ERROR;
				CLANG_WARN_EMPTY_BODY = YES;
				CLANG_WARN_ENUM_CONVERSION = YES;
				CLANG_WARN_INT_CONVERSION = YES;
				CLANG_WARN_OBJC_ROOT_CLASS = YES_ERROR;
				CLANG_WARN_UNREACHABLE_CODE = YES;
				CLANG_WARN__DUPLICATE_METHOD_MATCH = YES;
				"CODE_SIGN_IDENTITY[sdk=iphoneos*]" = "iPhone Developer";
				COPY_PHASE_STRIP = NO;
				DEBUG_INFORMATION_FORMAT = "dwarf-with-dsym";
				ENABLE_NS_ASSERTIONS = NO;
				ENABLE_STRICT_OBJC_MSGSEND = YES;
				GCC_C_LANGUAGE_STANDARD = gnu99;
				GCC_NO_COMMON_BLOCKS = YES;
				GCC_WARN_64_TO_32_BIT_CONVERSION = YES;
				GCC_WARN_ABOUT_RETURN_TYPE = YES_ERROR;
				GCC_WARN_UNDECLARED_SELECTOR = YES;
				GCC_WARN_UNINITIALIZED_AUTOS = YES_AGGRESSIVE;
				GCC_WARN_UNUSED_FUNCTION = YES;
				GCC_WARN_UNUSED_VARIABLE = YES;
				IPHONEOS_DEPLOYMENT_TARGET = 8.3;
				MTL_ENABLE_DEBUG_INFO = NO;
				SDKROOT = iphoneos;
				VALIDATE_PRODUCT = YES;
			};
			name = Release;
		};
		3DACDCDB1BC3C9C5002AB9DB /* Debug */ = {
			isa = XCBuildConfiguration;
			buildSettings = {
				ASSETCATALOG_COMPILER_APPICON_NAME = AppIcon;
				INFOPLIST_FILE = MenuList/Info.plist;
				LD_RUNPATH_SEARCH_PATHS = "$(inherited) @executable_path/Frameworks";
				PRODUCT_NAME = "$(TARGET_NAME)";
			};
			name = Debug;
		};
		3DACDCDC1BC3C9C5002AB9DB /* Release */ = {
			isa = XCBuildConfiguration;
			buildSettings = {
				ASSETCATALOG_COMPILER_APPICON_NAME = AppIcon;
				INFOPLIST_FILE = MenuList/Info.plist;
				LD_RUNPATH_SEARCH_PATHS = "$(inherited) @executable_path/Frameworks";
				PRODUCT_NAME = "$(TARGET_NAME)";
			};
			name = Release;
		};
		3DACDCDE1BC3C9C5002AB9DB /* Debug */ = {
			isa = XCBuildConfiguration;
			buildSettings = {
				BUNDLE_LOADER = "$(TEST_HOST)";
				FRAMEWORK_SEARCH_PATHS = (
					"$(SDKROOT)/Developer/Library/Frameworks",
					"$(inherited)",
				);
				GCC_PREPROCESSOR_DEFINITIONS = (
					"DEBUG=1",
					"$(inherited)",
				);
				INFOPLIST_FILE = MenuListTests/Info.plist;
				LD_RUNPATH_SEARCH_PATHS = "$(inherited) @executable_path/Frameworks @loader_path/Frameworks";
				PRODUCT_NAME = "$(TARGET_NAME)";
				TEST_HOST = "$(BUILT_PRODUCTS_DIR)/MenuList.app/MenuList";
			};
			name = Debug;
		};
		3DACDCDF1BC3C9C5002AB9DB /* Release */ = {
			isa = XCBuildConfiguration;
			buildSettings = {
				BUNDLE_LOADER = "$(TEST_HOST)";
				FRAMEWORK_SEARCH_PATHS = (
					"$(SDKROOT)/Developer/Library/Frameworks",
					"$(inherited)",
				);
				INFOPLIST_FILE = MenuListTests/Info.plist;
				LD_RUNPATH_SEARCH_PATHS = "$(inherited) @executable_path/Frameworks @loader_path/Frameworks";
				PRODUCT_NAME = "$(TARGET_NAME)";
				TEST_HOST = "$(BUILT_PRODUCTS_DIR)/MenuList.app/MenuList";
			};
			name = Release;
		};
/* End XCBuildConfiguration section */

/* Begin XCConfigurationList section */
		3DACDCB21BC3C9C5002AB9DB /* Build configuration list for PBXProject "MenuList" */ = {
			isa = XCConfigurationList;
			buildConfigurations = (
				3DACDCD81BC3C9C5002AB9DB /* Debug */,
				3DACDCD91BC3C9C5002AB9DB /* Release */,
			);
			defaultConfigurationIsVisible = 0;
			defaultConfigurationName = Release;
		};
		3DACDCDA1BC3C9C5002AB9DB /* Build configuration list for PBXNativeTarget "MenuList" */ = {
			isa = XCConfigurationList;
			buildConfigurations = (
				3DACDCDB1BC3C9C5002AB9DB /* Debug */,
				3DACDCDC1BC3C9C5002AB9DB /* Release */,
			);
			defaultConfigurationIsVisible = 0;
		};
		3DACDCDD1BC3C9C5002AB9DB /* Build configuration list for PBXNativeTarget "MenuListTests" */ = {
			isa = XCConfigurationList;
			buildConfigurations = (
				3DACDCDE1BC3C9C5002AB9DB /* Debug */,
				3DACDCDF1BC3C9C5002AB9DB /* Release */,
			);
			defaultConfigurationIsVisible = 0;
		};
/* End XCConfigurationList section */
	};
	rootObject = 3DACDCAF1BC3C9C5002AB9DB /* Project object */;
}
